
Microsoft Visual Studio Solution File, Format Version 12.00
# Visual Studio Version 16
VisualStudioVersion = 16.0.29509.3
MinimumVisualStudioVersion = 10.0.40219.1
Project("{FAE04EC0-301F-11D3-BF4B-00C04F79EFBC}") = "UniquePaths", "UniquePaths\UniquePaths.csproj", "{872331E5-981A-4FFD-B3E8-16631E234BA5}"
EndProject
Global
	GlobalSection(SolutionConfigurationPlatforms) = preSolution
		Debug|Any CPU = Debug|Any CPU
		Release|Any CPU = Release|Any CPU
	EndGlobalSection
	GlobalSection(ProjectConfigurationPlatforms) = postSolution
		{872331E5-981A-4FFD-B3E8-16631E234BA5}.Debug|Any CPU.ActiveCfg = Debug|Any CPU
		{872331E5-981A-4FFD-B3E8-16631E234BA5}.Debug|Any CPU.Build.0 = Debug|Any CPU
		{872331E5-981A-4FFD-B3E8-16631E234BA5}.Release|Any CPU.ActiveCfg = Release|Any CPU
		{872331E5-981A-4FFD-B3E8-16631E234BA5}.Release|Any CPU.Build.0 = Release|Any CPU
	EndGlobalSection
	GlobalSection(SolutionProperties) = preSolution
		HideSolutionNode = FALSE
	EndGlobalSection
	GlobalSection(ExtensibilityGlobals) = postSolution
		SolutionGuid = {0D36AA86-ADC9-484C-84EA-8A8F0E443E68}
	EndGlobalSection
EndGlobal
